
Microsoft Visual Studio Solution File, Format Version 12.00
# Visual Studio Version 17
VisualStudioVersion = 17.11.35312.102
MinimumVisualStudioVersion = 10.0.40219.1
Project("{FAE04EC0-301F-11D3-BF4B-00C04F79EFBC}") = "E-commerce_web", "E-commerce_web\E-commerce_web.csproj", "{38225576-CC95-4300-9E42-598B33AB8E33}"
EndProject
Global
	GlobalSection(SolutionConfigurationPlatforms) = preSolution
		Debug|Any CPU = Debug|Any CPU
		Release|Any CPU = Release|Any CPU
	EndGlobalSection
	GlobalSection(ProjectConfigurationPlatforms) = postSolution
		{38225576-CC95-4300-9E42-598B33AB8E33}.Debug|Any CPU.ActiveCfg = Debug|Any CPU
		{38225576-CC95-4300-9E42-598B33AB8E33}.Debug|Any CPU.Build.0 = Debug|Any CPU
		{38225576-CC95-4300-9E42-598B33AB8E33}.Release|Any CPU.ActiveCfg = Release|Any CPU
		{38225576-CC95-4300-9E42-598B33AB8E33}.Release|Any CPU.Build.0 = Release|Any CPU
	EndGlobalSection
	GlobalSection(SolutionProperties) = preSolution
		HideSolutionNode = FALSE
	EndGlobalSection
	GlobalSection(ExtensibilityGlobals) = postSolution
		SolutionGuid = {766FB168-C0F1-482B-8CB6-890F92EFDD6C}
	EndGlobalSection
EndGlobal
